// !$*UTF8*$!
{
	archiveVersion = 1;
	classes = {
	};
	objectVersion = 46;
	objects = {
/* Begin PBXBuildFile section */
		0207DA581B56EA530066E2B4 /* Images.xcassets in Resources */ = {isa = PBXBuildFile; fileRef = 0207DA571B56EA530066E2B4 /* Images.xcassets */; };
		048B243F61A646758BB239F4 /* sqlite3.c in Sources */ = {isa = PBXBuildFile; fileRef = 52EF57716FBA4348A2902CE6 /* sqlite3.c */; settings = {COMPILER_FLAGS = "-w -DSQLITE_THREADSAFE=2 -DSQLITE_DEFAULT_MEMSTATUS=0 -DSQLITE_OMIT_DECLTYPE -DSQLITE_OMIT_DEPRECATED -DSQLITE_OMIT_PROGRESS_CALLBACK -DSQLITE_OMIT_SHARED_CACHE -DSQLITE_TEMP_STORE=2 -DSQLITE_OMIT_LOAD_EXTENSION -DSQLITE_ENABLE_FTS3 -DSQLITE_ENABLE_FTS3_PARENTHESIS -DSQLITE_ENABLE_FTS4 -DSQLITE_ENABLE_RTREE -DSQLITE_DEFAULT_PAGE_SIZE=1024 -DSQLITE_DEFAULT_CACHE_SIZE=2000"; }; };
		05F0B332517C4EF28091D215 /* GCDWebServerResponse.m in Sources */ = {isa = PBXBuildFile; fileRef = 371C877CA44643899A160273 /* GCDWebServerResponse.m */; };
		14BD0192DCBB4708AF66D0ED /* libz.tbd in Frameworks */ = {isa = PBXBuildFile; fileRef = 3C83AA126C8949C1A3AE4413 /* libz.tbd */; };
		1D3623260D0F684500981E51 /* AppDelegate.m in Sources */ = {isa = PBXBuildFile; fileRef = 1D3623250D0F684500981E51 /* AppDelegate.m */; };
		1D60589B0D05DD56006BFB54 /* main.m in Sources */ = {isa = PBXBuildFile; fileRef = 29B97316FDCFA39411CA2CEA /* main.m */; };
		212C6F0691A6490DBFB6D206 /* GCDWebServerDataResponse.m in Sources */ = {isa = PBXBuildFile; fileRef = A98FE158D9CE4A64A26750B7 /* GCDWebServerDataResponse.m */; };
		2323D1A7AB124557BD776038 /* GoogleIPhoneUtilities.framework in Frameworks */ = {isa = PBXBuildFile; fileRef = F15A475A70704707AF1CE785 /* GoogleIPhoneUtilities.framework */; };
		2F719BDC4BB9464FA3380E70 /* IonicKeyboard.m in Sources */ = {isa = PBXBuildFile; fileRef = 1A537C12F50440DE9B20446D /* IonicKeyboard.m */; };
		301BF552109A68D80062928A /* libCordova.a in Frameworks */ = {isa = PBXBuildFile; fileRef = 301BF535109A57CC0062928A /* libCordova.a */; };
		302D95F114D2391D003F00A1 /* MainViewController.m in Sources */ = {isa = PBXBuildFile; fileRef = 302D95EF14D2391D003F00A1 /* MainViewController.m */; };
		302D95F214D2391D003F00A1 /* MainViewController.xib in Resources */ = {isa = PBXBuildFile; fileRef = 302D95F014D2391D003F00A1 /* MainViewController.xib */; };
		3072887C3AD84D9C912BB6D7 /* GCDWebServerMultiPartFormRequest.m in Sources */ = {isa = PBXBuildFile; fileRef = B3DDC41D555D410F84B46DF3 /* GCDWebServerMultiPartFormRequest.m */; };
		333C2AC8FAF84577998ED65F /* FCMPlugin.m in Sources */ = {isa = PBXBuildFile; fileRef = DEDD2CC11ADC4DB9896BE6EA /* FCMPlugin.m */; };
		3B0A03C5D5D74603BD91D64E /* GCDWebServer.m in Sources */ = {isa = PBXBuildFile; fileRef = AED395F942614A44A626868C /* GCDWebServer.m */; };
		3D35279E750F4BF686DBF119 /* CDVWKWebViewUIDelegate.m in Sources */ = {isa = PBXBuildFile; fileRef = 3111C53558A14EDF896C39FD /* CDVWKWebViewUIDelegate.m */; };
		3F455B01D4A544848D4AE8C6 /* GCDWebServerErrorResponse.m in Sources */ = {isa = PBXBuildFile; fileRef = 59A7B687F1A6401B9B27C160 /* GCDWebServerErrorResponse.m */; };
		3F84B36DA00C47B1A22EF0CC /* GCDWebServerFunctions.m in Sources */ = {isa = PBXBuildFile; fileRef = 211EAFCD59774CED86F2D658 /* GCDWebServerFunctions.m */; };
		420E6E86759344E4B1CF459D /* GoogleService-Info.plist in Resources */ = {isa = PBXBuildFile; fileRef = 4396BBCCE7AC4B2DB5D82C46 /* GoogleService-Info.plist */; };
		45469546EA18444E8E92CBD9 /* CDVStatusBar.m in Sources */ = {isa = PBXBuildFile; fileRef = E38254B051984A5EB8CE17D1 /* CDVStatusBar.m */; };
		4C8B585D3F654EB0BEA56488 /* GCDWebServerFileRequest.m in Sources */ = {isa = PBXBuildFile; fileRef = E5F47FBCB207423D99622E68 /* GCDWebServerFileRequest.m */; };
		4D50A463D28F479AA17ACE90 /* SQLitePlugin.m in Sources */ = {isa = PBXBuildFile; fileRef = C8A6C627C0B74A92ABA30F4E /* SQLitePlugin.m */; };
		4FCFE613134B4212B652D479 /* PSPDFThreadSafeMutableDictionary.m in Sources */ = {isa = PBXBuildFile; fileRef = 826D43018F094A85817494A9 /* PSPDFThreadSafeMutableDictionary.m */; settings = {COMPILER_FLAGS = "-w"; }; };
		6AFF5BF91D6E424B00AB3073 /* CDVLaunchScreen.storyboard in Resources */ = {isa = PBXBuildFile; fileRef = 6AFF5BF81D6E424B00AB3073 /* CDVLaunchScreen.storyboard */; };
		7536E9B0537149E2A1987169 /* GCDWebServerConnection.m in Sources */ = {isa = PBXBuildFile; fileRef = 2CEA80AD69994642865A83E5 /* GCDWebServerConnection.m */; };
		7A47F7767D5C44FAB1624B4A /* GCDWebServerURLEncodedFormRequest.m in Sources */ = {isa = PBXBuildFile; fileRef = FDF297B818204F439FF11532 /* GCDWebServerURLEncodedFormRequest.m */; };
		867061EFACD64C21AAEADC44 /* WebKit.framework in Frameworks */ = {isa = PBXBuildFile; fileRef = C5C5507F3C3B4D7D994E5FF7 /* WebKit.framework */; settings = {ATTRIBUTES = (Weak, ); }; };
		87E7D4CF193149C2A3FB20B7 /* FirebaseAnalytics.framework in Frameworks */ = {isa = PBXBuildFile; fileRef = 6F9CE126D6844E4295266422 /* FirebaseAnalytics.framework */; };
		9116A08575704EFE8737C854 /* FirebaseInstanceID.framework in Frameworks */ = {isa = PBXBuildFile; fileRef = FF45F5EA1DCA4DEB9012A29F /* FirebaseInstanceID.framework */; };
		94EC2CD3A2714714AE94414E /* Security.framework in Frameworks */ = {isa = PBXBuildFile; fileRef = 6048B1E31BE64AC6B5408AC5 /* Security.framework */; };
		9B8B8690D04E4500AB24E094 /* CDVViewController+SplashScreen.m in Sources */ = {isa = PBXBuildFile; fileRef = 3ED94DBC2A944693A8DEC6AB /* CDVViewController+SplashScreen.m */; };
		9C2ABD1F1B74413185941B4A /* libsqlite3.0.tbd in Frameworks */ = {isa = PBXBuildFile; fileRef = 90776307C8CA44C3A616975C /* libsqlite3.0.tbd */; };
		A091013731CD43948D24AF9C /* FirebaseCore.framework in Frameworks */ = {isa = PBXBuildFile; fileRef = 92E3EF3BE5444E07B4B1DD75 /* FirebaseCore.framework */; };
		A332CDF7753B4F62A7B9D77F /* GCDWebServerStreamedResponse.m in Sources */ = {isa = PBXBuildFile; fileRef = BAA150AC01A24B4A8E82ED00 /* GCDWebServerStreamedResponse.m */; };
		A7EA09BB64AD47C2BDEE5B3A /* CDVVibration.m in Sources */ = {isa = PBXBuildFile; fileRef = B2E537374B454C0AAEF877C0 /* CDVVibration.m */; };
		A801B487D15443CD8B26C10C /* GoogleInterchangeUtilities.framework in Frameworks */ = {isa = PBXBuildFile; fileRef = CB616FE6D4834AAD8D1B1ADD /* GoogleInterchangeUtilities.framework */; };
		A9415AF6E4A340C0B4BE1117 /* CDVSplashScreen.m in Sources */ = {isa = PBXBuildFile; fileRef = 6D01F3C67C184AA1B5951EBE /* CDVSplashScreen.m */; };
		AA5DFA5EA1B942ED8F5B614A /* GoogleSymbolUtilities.framework in Frameworks */ = {isa = PBXBuildFile; fileRef = 6A1C07FA9499406B8AA9CAE4 /* GoogleSymbolUtilities.framework */; };
		B219A842B3A54258A3BF7374 /* FirebaseMessaging.framework in Frameworks */ = {isa = PBXBuildFile; fileRef = 80D3DB57273B4B7CB128EC5A /* FirebaseMessaging.framework */; };
		BDC6C074D4EA494EA2258765 /* CDVWKWebViewEngine.m in Sources */ = {isa = PBXBuildFile; fileRef = 5FA086DD10314C9F8D434356 /* CDVWKWebViewEngine.m */; };
		C7DBDE63F8E64B969003D144 /* GCDWebServerFileResponse.m in Sources */ = {isa = PBXBuildFile; fileRef = 498D877B0E7B47B3BC265696 /* GCDWebServerFileResponse.m */; };
		CCB56013609F40E59314BF11 /* CDVWKProcessPoolFactory.m in Sources */ = {isa = PBXBuildFile; fileRef = 852CAECC1BAD4CF6B0724114 /* CDVWKProcessPoolFactory.m */; };
		CF80C6ABB1DE4F0FBF550B77 /* GCDWebServerDataRequest.m in Sources */ = {isa = PBXBuildFile; fileRef = 0478CA2886DF4D7683535B5C /* GCDWebServerDataRequest.m */; };
		D1B0A581C352483691491F76 /* AddressBook.framework in Frameworks */ = {isa = PBXBuildFile; fileRef = 9506C7F29C474FCAA086EA3B /* AddressBook.framework */; };
		D664E6F8E6834C8C93877289 /* CDVDevice.m in Sources */ = {isa = PBXBuildFile; fileRef = 31C1D7FC5E45448EB4ED9F8D /* CDVDevice.m */; };
		DE0412033ED849129BEB4A64 /* GoogleUtilities.framework in Frameworks */ = {isa = PBXBuildFile; fileRef = 3A98ECE39C9E4F6BA83EE065 /* GoogleUtilities.framework */; };
		F48DCE469D3E4719A17A4304 /* AppDelegate+FCMPlugin.m in Sources */ = {isa = PBXBuildFile; fileRef = 6FBCD7437A0549FD91DA69DD /* AppDelegate+FCMPlugin.m */; };
		F5FF1F0DC44D4D059734D6E5 /* libc++.tbd in Frameworks */ = {isa = PBXBuildFile; fileRef = 49A2910DEC6D411E8D959DAD /* libc++.tbd */; };
		F75ED0059F194492A40DE7A1 /* AudioToolbox.framework in Frameworks */ = {isa = PBXBuildFile; fileRef = 8F580629F4E647D6B6CF6AB1 /* AudioToolbox.framework */; settings = {ATTRIBUTES = (Weak, ); }; };
		FE5237F8F4B0477D81EF9529 /* CDVOrientation.m in Sources */ = {isa = PBXBuildFile; fileRef = 01978EC982A24A86BF631B59 /* CDVOrientation.m */; };
		FE7BC2B2E94E4388AD519C1F /* GCDWebServerRequest.m in Sources */ = {isa = PBXBuildFile; fileRef = 839E1DE715764BF98F5DDF09 /* GCDWebServerRequest.m */; };
/* End PBXBuildFile section */

/* Begin PBXContainerItemProxy section */
		301BF534109A57CC0062928A /* PBXContainerItemProxy */ = {
			isa = PBXContainerItemProxy;
			containerPortal = 301BF52D109A57CC0062928A /* CordovaLib/CordovaLib.xcodeproj */;
			proxyType = 2;
			remoteGlobalIDString = D2AAC07E0554694100DB518D;
			remoteInfo = CordovaLib;
		};
		301BF550109A68C00062928A /* PBXContainerItemProxy */ = {
			isa = PBXContainerItemProxy;
			containerPortal = 301BF52D109A57CC0062928A /* CordovaLib/CordovaLib.xcodeproj */;
			proxyType = 1;
			remoteGlobalIDString = D2AAC07D0554694100DB518D;
			remoteInfo = CordovaLib;
		};
		B2B1941920173EE600D5F81A /* PBXContainerItemProxy */ = {
			isa = PBXContainerItemProxy;
			containerPortal = 301BF52D109A57CC0062928A /* CordovaLib/CordovaLib.xcodeproj */;
			proxyType = 2;
			remoteGlobalIDString = C0C01EB21E3911D50056E6CB;
			remoteInfo = Cordova;
		};
/* End PBXContainerItemProxy section */

/* Begin PBXFileReference section */
		01978EC982A24A86BF631B59 /* CDVOrientation.m */ = {isa = PBXFileReference; explicitFileType = undefined; fileEncoding = 4; includeInIndex = 0; lastKnownFileType = sourcecode.c.objc; name = CDVOrientation.m; path = "cordova-plugin-screen-orientation/CDVOrientation.m"; sourceTree = "<group>"; };
		0207DA571B56EA530066E2B4 /* Images.xcassets */ = {isa = PBXFileReference; lastKnownFileType = folder.assetcatalog; name = Images.xcassets; path = Genpay/Images.xcassets; sourceTree = SOURCE_ROOT; };
		03888EE42CE5459C962333CE /* CDVSplashScreen.h */ = {isa = PBXFileReference; explicitFileType = undefined; fileEncoding = 4; includeInIndex = 0; lastKnownFileType = sourcecode.c.h; name = CDVSplashScreen.h; path = "cordova-plugin-splashscreen/CDVSplashScreen.h"; sourceTree = "<group>"; };
		0478CA2886DF4D7683535B5C /* GCDWebServerDataRequest.m */ = {isa = PBXFileReference; explicitFileType = undefined; fileEncoding = 4; includeInIndex = 0; lastKnownFileType = sourcecode.c.objc; name = GCDWebServerDataRequest.m; path = "cordova-plugin-ionic-webview/GCDWebServerDataRequest.m"; sourceTree = "<group>"; };
		0525EF1716FC4E67B177AA66 /* SQLitePlugin.h */ = {isa = PBXFileReference; explicitFileType = undefined; fileEncoding = 4; includeInIndex = 0; lastKnownFileType = sourcecode.c.h; name = SQLitePlugin.h; path = "cordova-sqlite-storage/SQLitePlugin.h"; sourceTree = "<group>"; };
		0B04B9780A97410D8B640919 /* GCDWebServerHTTPStatusCodes.h */ = {isa = PBXFileReference; explicitFileType = undefined; fileEncoding = 4; includeInIndex = 0; lastKnownFileType = sourcecode.c.h; name = GCDWebServerHTTPStatusCodes.h; path = "cordova-plugin-ionic-webview/GCDWebServerHTTPStatusCodes.h"; sourceTree = "<group>"; };
		0B9A6673FCDA4582800990FE /* GCDWebServerMultiPartFormRequest.h */ = {isa = PBXFileReference; explicitFileType = undefined; fileEncoding = 4; includeInIndex = 0; lastKnownFileType = sourcecode.c.h; name = GCDWebServerMultiPartFormRequest.h; path = "cordova-plugin-ionic-webview/GCDWebServerMultiPartFormRequest.h"; sourceTree = "<group>"; };
		148861D2768A44F38C805F63 /* CDVVibration.h */ = {isa = PBXFileReference; explicitFileType = undefined; fileEncoding = 4; includeInIndex = 0; lastKnownFileType = sourcecode.c.h; name = CDVVibration.h; path = "cordova-plugin-vibration/CDVVibration.h"; sourceTree = "<group>"; };
		159277DBBEDB44048D7F5FD8 /* CDVWKWebViewUIDelegate.h */ = {isa = PBXFileReference; explicitFileType = undefined; fileEncoding = 4; includeInIndex = 0; lastKnownFileType = sourcecode.c.h; name = CDVWKWebViewUIDelegate.h; path = "cordova-plugin-ionic-webview/CDVWKWebViewUIDelegate.h"; sourceTree = "<group>"; };
		165C07C1BD7444DC877A49D6 /* CDVDevice.h */ = {isa = PBXFileReference; explicitFileType = undefined; fileEncoding = 4; includeInIndex = 0; lastKnownFileType = sourcecode.c.h; name = CDVDevice.h; path = "cordova-plugin-device/CDVDevice.h"; sourceTree = "<group>"; };
		1A537C12F50440DE9B20446D /* IonicKeyboard.m */ = {isa = PBXFileReference; explicitFileType = undefined; fileEncoding = 4; includeInIndex = 0; lastKnownFileType = sourcecode.c.objc; name = IonicKeyboard.m; path = "ionic-plugin-keyboard/IonicKeyboard.m"; sourceTree = "<group>"; };
		1D3623240D0F684500981E51 /* AppDelegate.h */ = {isa = PBXFileReference; fileEncoding = 4; lastKnownFileType = sourcecode.c.h; path = AppDelegate.h; sourceTree = "<group>"; };
		1D3623250D0F684500981E51 /* AppDelegate.m */ = {isa = PBXFileReference; fileEncoding = 4; lastKnownFileType = sourcecode.c.objc; path = AppDelegate.m; sourceTree = "<group>"; };
		1D6058910D05DD3D006BFB54 /* Genpay.app */ = {isa = PBXFileReference; explicitFileType = wrapper.application; includeInIndex = 0; path = Genpay.app; sourceTree = BUILT_PRODUCTS_DIR; };
		211EAFCD59774CED86F2D658 /* GCDWebServerFunctions.m */ = {isa = PBXFileReference; explicitFileType = undefined; fileEncoding = 4; includeInIndex = 0; lastKnownFileType = sourcecode.c.objc; name = GCDWebServerFunctions.m; path = "cordova-plugin-ionic-webview/GCDWebServerFunctions.m"; sourceTree = "<group>"; };
		2225E934A8184A47B06A5DF3 /* GCDWebServerFunctions.h */ = {isa = PBXFileReference; explicitFileType = undefined; fileEncoding = 4; includeInIndex = 0; lastKnownFileType = sourcecode.c.h; name = GCDWebServerFunctions.h; path = "cordova-plugin-ionic-webview/GCDWebServerFunctions.h"; sourceTree = "<group>"; };
		2681A07F3180458CB5B9A166 /* Firebase.h */ = {isa = PBXFileReference; explicitFileType = undefined; fileEncoding = 4; includeInIndex = 0; lastKnownFileType = sourcecode.c.h; name = Firebase.h; path = "cordova-plugin-fcm/Firebase.h"; sourceTree = "<group>"; };
		29B97316FDCFA39411CA2CEA /* main.m */ = {isa = PBXFileReference; fileEncoding = 4; lastKnownFileType = sourcecode.c.objc; path = main.m; sourceTree = "<group>"; };
		2CEA80AD69994642865A83E5 /* GCDWebServerConnection.m */ = {isa = PBXFileReference; explicitFileType = undefined; fileEncoding = 4; includeInIndex = 0; lastKnownFileType = sourcecode.c.objc; name = GCDWebServerConnection.m; path = "cordova-plugin-ionic-webview/GCDWebServerConnection.m"; sourceTree = "<group>"; };
		301BF52D109A57CC0062928A /* CordovaLib/CordovaLib.xcodeproj */ = {isa = PBXFileReference; lastKnownFileType = "wrapper.pb-project"; path = CordovaLib/CordovaLib.xcodeproj; sourceTree = "<group>"; };
		301BF56E109A69640062928A /* www */ = {isa = PBXFileReference; lastKnownFileType = folder; path = www; sourceTree = SOURCE_ROOT; };
		302D95EE14D2391D003F00A1 /* MainViewController.h */ = {isa = PBXFileReference; fileEncoding = 4; lastKnownFileType = sourcecode.c.h; path = MainViewController.h; sourceTree = "<group>"; };
		302D95EF14D2391D003F00A1 /* MainViewController.m */ = {isa = PBXFileReference; fileEncoding = 4; lastKnownFileType = sourcecode.c.objc; path = MainViewController.m; sourceTree = "<group>"; };
		302D95F014D2391D003F00A1 /* MainViewController.xib */ = {isa = PBXFileReference; fileEncoding = 4; lastKnownFileType = file.xib; path = MainViewController.xib; sourceTree = "<group>"; };
		3047A50F1AB8059700498E2A /* build-debug.xcconfig */ = {isa = PBXFileReference; fileEncoding = 4; lastKnownFileType = text.xcconfig; name = "build-debug.xcconfig"; path = "cordova/build-debug.xcconfig"; sourceTree = SOURCE_ROOT; };
		3047A5101AB8059700498E2A /* build-release.xcconfig */ = {isa = PBXFileReference; fileEncoding = 4; lastKnownFileType = text.xcconfig; name = "build-release.xcconfig"; path = "cordova/build-release.xcconfig"; sourceTree = SOURCE_ROOT; };
		3047A5111AB8059700498E2A /* build.xcconfig */ = {isa = PBXFileReference; fileEncoding = 4; lastKnownFileType = text.xcconfig; name = build.xcconfig; path = cordova/build.xcconfig; sourceTree = SOURCE_ROOT; };
		3111C53558A14EDF896C39FD /* CDVWKWebViewUIDelegate.m */ = {isa = PBXFileReference; explicitFileType = undefined; fileEncoding = 4; includeInIndex = 0; lastKnownFileType = sourcecode.c.objc; name = CDVWKWebViewUIDelegate.m; path = "cordova-plugin-ionic-webview/CDVWKWebViewUIDelegate.m"; sourceTree = "<group>"; };
		31C1D7FC5E45448EB4ED9F8D /* CDVDevice.m */ = {isa = PBXFileReference; explicitFileType = undefined; fileEncoding = 4; includeInIndex = 0; lastKnownFileType = sourcecode.c.objc; name = CDVDevice.m; path = "cordova-plugin-device/CDVDevice.m"; sourceTree = "<group>"; };
		32CA4F630368D1EE00C91783 /* Genpay-Prefix.pch */ = {isa = PBXFileReference; fileEncoding = 4; lastKnownFileType = sourcecode.c.h; path = "Genpay-Prefix.pch"; sourceTree = "<group>"; };
		371C877CA44643899A160273 /* GCDWebServerResponse.m */ = {isa = PBXFileReference; explicitFileType = undefined; fileEncoding = 4; includeInIndex = 0; lastKnownFileType = sourcecode.c.objc; name = GCDWebServerResponse.m; path = "cordova-plugin-ionic-webview/GCDWebServerResponse.m"; sourceTree = "<group>"; };
		3A98ECE39C9E4F6BA83EE065 /* GoogleUtilities.framework */ = {isa = PBXFileReference; explicitFileType = undefined; fileEncoding = 9; includeInIndex = 0; lastKnownFileType = wrapper.framework; name = GoogleUtilities.framework; path = "Genpay/Plugins/cordova-plugin-fcm/GoogleUtilities.framework"; sourceTree = "<group>"; };
		3C83AA126C8949C1A3AE4413 /* libz.tbd */ = {isa = PBXFileReference; explicitFileType = undefined; fileEncoding = 9; includeInIndex = 0; lastKnownFileType = "sourcecode.text-based-dylib-definition"; name = libz.tbd; path = usr/lib/libz.tbd; sourceTree = SDKROOT; };
		3ED94DBC2A944693A8DEC6AB /* CDVViewController+SplashScreen.m */ = {isa = PBXFileReference; explicitFileType = undefined; fileEncoding = 4; includeInIndex = 0; lastKnownFileType = sourcecode.c.objc; name = "CDVViewController+SplashScreen.m"; path = "cordova-plugin-splashscreen/CDVViewController+SplashScreen.m"; sourceTree = "<group>"; };
		41EBD69F3CB248D582377278 /* GCDWebServerStreamedResponse.h */ = {isa = PBXFileReference; explicitFileType = undefined; fileEncoding = 4; includeInIndex = 0; lastKnownFileType = sourcecode.c.h; name = GCDWebServerStreamedResponse.h; path = "cordova-plugin-ionic-webview/GCDWebServerStreamedResponse.h"; sourceTree = "<group>"; };
		4396BBCCE7AC4B2DB5D82C46 /* GoogleService-Info.plist */ = {isa = PBXFileReference; explicitFileType = undefined; fileEncoding = 4; includeInIndex = 0; lastKnownFileType = text.plist.xml; name = "GoogleService-Info.plist"; path = "Resources/GoogleService-Info.plist"; sourceTree = "<group>"; };
		476F90E305674FA0BDD8C633 /* GCDWebServerFileResponse.h */ = {isa = PBXFileReference; explicitFileType = undefined; fileEncoding = 4; includeInIndex = 0; lastKnownFileType = sourcecode.c.h; name = GCDWebServerFileResponse.h; path = "cordova-plugin-ionic-webview/GCDWebServerFileResponse.h"; sourceTree = "<group>"; };
		48E2EB309CE547D3B29DF40B /* CDVWKWebViewEngine.h */ = {isa = PBXFileReference; explicitFileType = undefined; fileEncoding = 4; includeInIndex = 0; lastKnownFileType = sourcecode.c.h; name = CDVWKWebViewEngine.h; path = "cordova-plugin-ionic-webview/CDVWKWebViewEngine.h"; sourceTree = "<group>"; };
		491123377ECA4A7899DC0860 /* IonicKeyboard.h */ = {isa = PBXFileReference; explicitFileType = undefined; fileEncoding = 4; includeInIndex = 0; lastKnownFileType = sourcecode.c.h; name = IonicKeyboard.h; path = "ionic-plugin-keyboard/IonicKeyboard.h"; sourceTree = "<group>"; };
		498D877B0E7B47B3BC265696 /* GCDWebServerFileResponse.m */ = {isa = PBXFileReference; explicitFileType = undefined; fileEncoding = 4; includeInIndex = 0; lastKnownFileType = sourcecode.c.objc; name = GCDWebServerFileResponse.m; path = "cordova-plugin-ionic-webview/GCDWebServerFileResponse.m"; sourceTree = "<group>"; };
		49A2910DEC6D411E8D959DAD /* libc++.tbd */ = {isa = PBXFileReference; explicitFileType = undefined; fileEncoding = 9; includeInIndex = 0; lastKnownFileType = "sourcecode.text-based-dylib-definition"; name = "libc++.tbd"; path = "usr/lib/libc++.tbd"; sourceTree = SDKROOT; };
		4AD3836E2BE54B88B2444BB9 /* GCDWebServerDataRequest.h */ = {isa = PBXFileReference; explicitFileType = undefined; fileEncoding = 4; includeInIndex = 0; lastKnownFileType = sourcecode.c.h; name = GCDWebServerDataRequest.h; path = "cordova-plugin-ionic-webview/GCDWebServerDataRequest.h"; sourceTree = "<group>"; };
		4BE44E9E3810422C91D8440D /* FCMPlugin.h */ = {isa = PBXFileReference; explicitFileType = undefined; fileEncoding = 4; includeInIndex = 0; lastKnownFileType = sourcecode.c.h; name = FCMPlugin.h; path = "cordova-plugin-fcm/FCMPlugin.h"; sourceTree = "<group>"; };
		52EF57716FBA4348A2902CE6 /* sqlite3.c */ = {isa = PBXFileReference; explicitFileType = undefined; fileEncoding = 9; includeInIndex = 0; lastKnownFileType = unknown; name = sqlite3.c; path = "cordova-sqlite-storage/sqlite3.c"; sourceTree = "<group>"; };
		59413882C5084749BB7161FB /* PSPDFThreadSafeMutableDictionary.h */ = {isa = PBXFileReference; explicitFileType = undefined; fileEncoding = 4; includeInIndex = 0; lastKnownFileType = sourcecode.c.h; name = PSPDFThreadSafeMutableDictionary.h; path = "cordova-sqlite-storage/PSPDFThreadSafeMutableDictionary.h"; sourceTree = "<group>"; };
		59A7B687F1A6401B9B27C160 /* GCDWebServerErrorResponse.m */ = {isa = PBXFileReference; explicitFileType = undefined; fileEncoding = 4; includeInIndex = 0; lastKnownFileType = sourcecode.c.objc; name = GCDWebServerErrorResponse.m; path = "cordova-plugin-ionic-webview/GCDWebServerErrorResponse.m"; sourceTree = "<group>"; };
		5AD832333E254F7EADE1E1FA /* GCDWebServerPrivate.h */ = {isa = PBXFileReference; explicitFileType = undefined; fileEncoding = 4; includeInIndex = 0; lastKnownFileType = sourcecode.c.h; name = GCDWebServerPrivate.h; path = "cordova-plugin-ionic-webview/GCDWebServerPrivate.h"; sourceTree = "<group>"; };
		5FA086DD10314C9F8D434356 /* CDVWKWebViewEngine.m */ = {isa = PBXFileReference; explicitFileType = undefined; fileEncoding = 4; includeInIndex = 0; lastKnownFileType = sourcecode.c.objc; name = CDVWKWebViewEngine.m; path = "cordova-plugin-ionic-webview/CDVWKWebViewEngine.m"; sourceTree = "<group>"; };
		6048B1E31BE64AC6B5408AC5 /* Security.framework */ = {isa = PBXFileReference; explicitFileType = undefined; fileEncoding = 9; includeInIndex = 0; lastKnownFileType = wrapper.framework; name = Security.framework; path = System/Library/Frameworks/Security.framework; sourceTree = SDKROOT; };
		665D96A5E2494ED9B3D7A9EC /* GCDWebServerFileRequest.h */ = {isa = PBXFileReference; explicitFileType = undefined; fileEncoding = 4; includeInIndex = 0; lastKnownFileType = sourcecode.c.h; name = GCDWebServerFileRequest.h; path = "cordova-plugin-ionic-webview/GCDWebServerFileRequest.h"; sourceTree = "<group>"; };
		6A1C07FA9499406B8AA9CAE4 /* GoogleSymbolUtilities.framework */ = {isa = PBXFileReference; explicitFileType = undefined; fileEncoding = 9; includeInIndex = 0; lastKnownFileType = wrapper.framework; name = GoogleSymbolUtilities.framework; path = "Genpay/Plugins/cordova-plugin-fcm/GoogleSymbolUtilities.framework"; sourceTree = "<group>"; };
		6AFF5BF81D6E424B00AB3073 /* CDVLaunchScreen.storyboard */ = {isa = PBXFileReference; fileEncoding = 4; lastKnownFileType = file.storyboard; name = CDVLaunchScreen.storyboard; path = Genpay/CDVLaunchScreen.storyboard; sourceTree = SOURCE_ROOT; };
		6D01F3C67C184AA1B5951EBE /* CDVSplashScreen.m */ = {isa = PBXFileReference; explicitFileType = undefined; fileEncoding = 4; includeInIndex = 0; lastKnownFileType = sourcecode.c.objc; name = CDVSplashScreen.m; path = "cordova-plugin-splashscreen/CDVSplashScreen.m"; sourceTree = "<group>"; };
		6F9CE126D6844E4295266422 /* FirebaseAnalytics.framework */ = {isa = PBXFileReference; explicitFileType = undefined; fileEncoding = 9; includeInIndex = 0; lastKnownFileType = wrapper.framework; name = FirebaseAnalytics.framework; path = "Genpay/Plugins/cordova-plugin-fcm/FirebaseAnalytics.framework"; sourceTree = "<group>"; };
		6FBCD7437A0549FD91DA69DD /* AppDelegate+FCMPlugin.m */ = {isa = PBXFileReference; explicitFileType = undefined; fileEncoding = 4; includeInIndex = 0; lastKnownFileType = sourcecode.c.objc; name = "AppDelegate+FCMPlugin.m"; path = "cordova-plugin-fcm/AppDelegate+FCMPlugin.m"; sourceTree = "<group>"; };
		7501D8BDAAEA4C1F9E91D28E /* CDVViewController+SplashScreen.h */ = {isa = PBXFileReference; explicitFileType = undefined; fileEncoding = 4; includeInIndex = 0; lastKnownFileType = sourcecode.c.h; name = "CDVViewController+SplashScreen.h"; path = "cordova-plugin-splashscreen/CDVViewController+SplashScreen.h"; sourceTree = "<group>"; };
		80D3DB57273B4B7CB128EC5A /* FirebaseMessaging.framework */ = {isa = PBXFileReference; explicitFileType = undefined; fileEncoding = 9; includeInIndex = 0; lastKnownFileType = wrapper.framework; name = FirebaseMessaging.framework; path = "Genpay/Plugins/cordova-plugin-fcm/FirebaseMessaging.framework"; sourceTree = "<group>"; };
		826D43018F094A85817494A9 /* PSPDFThreadSafeMutableDictionary.m */ = {isa = PBXFileReference; explicitFileType = undefined; fileEncoding = 4; includeInIndex = 0; lastKnownFileType = sourcecode.c.objc; name = PSPDFThreadSafeMutableDictionary.m; path = "cordova-sqlite-storage/PSPDFThreadSafeMutableDictionary.m"; sourceTree = "<group>"; };
		839E1DE715764BF98F5DDF09 /* GCDWebServerRequest.m */ = {isa = PBXFileReference; explicitFileType = undefined; fileEncoding = 4; includeInIndex = 0; lastKnownFileType = sourcecode.c.objc; name = GCDWebServerRequest.m; path = "cordova-plugin-ionic-webview/GCDWebServerRequest.m"; sourceTree = "<group>"; };
		852CAECC1BAD4CF6B0724114 /* CDVWKProcessPoolFactory.m */ = {isa = PBXFileReference; explicitFileType = undefined; fileEncoding = 4; includeInIndex = 0; lastKnownFileType = sourcecode.c.objc; name = CDVWKProcessPoolFactory.m; path = "cordova-plugin-ionic-webview/CDVWKProcessPoolFactory.m"; sourceTree = "<group>"; };
		8D1107310486CEB800E47090 /* Genpay-Info.plist */ = {isa = PBXFileReference; fileEncoding = 4; lastKnownFileType = text.plist.xml; name = "Genpay-Info.plist"; path = "Genpay/Genpay-Info.plist"; plistStructureDefinitionIdentifier = "com.apple.xcode.plist.structure-definition.iphone.info-plist"; sourceTree = SOURCE_ROOT; };
		8F580629F4E647D6B6CF6AB1 /* AudioToolbox.framework */ = {isa = PBXFileReference; explicitFileType = undefined; fileEncoding = 9; includeInIndex = 0; lastKnownFileType = wrapper.framework; name = AudioToolbox.framework; path = System/Library/Frameworks/AudioToolbox.framework; sourceTree = SDKROOT; };
		90776307C8CA44C3A616975C /* libsqlite3.0.tbd */ = {isa = PBXFileReference; explicitFileType = undefined; fileEncoding = 9; includeInIndex = 0; lastKnownFileType = "sourcecode.text-based-dylib-definition"; name = libsqlite3.0.tbd; path = usr/lib/libsqlite3.0.tbd; sourceTree = SDKROOT; };
		92E3EF3BE5444E07B4B1DD75 /* FirebaseCore.framework */ = {isa = PBXFileReference; explicitFileType = undefined; fileEncoding = 9; includeInIndex = 0; lastKnownFileType = wrapper.framework; name = FirebaseCore.framework; path = "Genpay/Plugins/cordova-plugin-fcm/FirebaseCore.framework"; sourceTree = "<group>"; };
		9506C7F29C474FCAA086EA3B /* AddressBook.framework */ = {isa = PBXFileReference; explicitFileType = undefined; fileEncoding = 9; includeInIndex = 0; lastKnownFileType = wrapper.framework; name = AddressBook.framework; path = System/Library/Frameworks/AddressBook.framework; sourceTree = SDKROOT; };
		9C5B569DE85A49EF9E2AA756 /* GCDWebServerResponse.h */ = {isa = PBXFileReference; explicitFileType = undefined; fileEncoding = 4; includeInIndex = 0; lastKnownFileType = sourcecode.c.h; name = GCDWebServerResponse.h; path = "cordova-plugin-ionic-webview/GCDWebServerResponse.h"; sourceTree = "<group>"; };
		A98FE158D9CE4A64A26750B7 /* GCDWebServerDataResponse.m */ = {isa = PBXFileReference; explicitFileType = undefined; fileEncoding = 4; includeInIndex = 0; lastKnownFileType = sourcecode.c.objc; name = GCDWebServerDataResponse.m; path = "cordova-plugin-ionic-webview/GCDWebServerDataResponse.m"; sourceTree = "<group>"; };
		AED395F942614A44A626868C /* GCDWebServer.m */ = {isa = PBXFileReference; explicitFileType = undefined; fileEncoding = 4; includeInIndex = 0; lastKnownFileType = sourcecode.c.objc; name = GCDWebServer.m; path = "cordova-plugin-ionic-webview/GCDWebServer.m"; sourceTree = "<group>"; };
		B2B1941B20173EE900D5F81A /* Genpay.entitlements */ = {isa = PBXFileReference; lastKnownFileType = text.plist.entitlements; name = Genpay.entitlements; path = Genpay/Genpay.entitlements; sourceTree = "<group>"; };
		B2E537374B454C0AAEF877C0 /* CDVVibration.m */ = {isa = PBXFileReference; explicitFileType = undefined; fileEncoding = 4; includeInIndex = 0; lastKnownFileType = sourcecode.c.objc; name = CDVVibration.m; path = "cordova-plugin-vibration/CDVVibration.m"; sourceTree = "<group>"; };
		B3DDC41D555D410F84B46DF3 /* GCDWebServerMultiPartFormRequest.m */ = {isa = PBXFileReference; explicitFileType = undefined; fileEncoding = 4; includeInIndex = 0; lastKnownFileType = sourcecode.c.objc; name = GCDWebServerMultiPartFormRequest.m; path = "cordova-plugin-ionic-webview/GCDWebServerMultiPartFormRequest.m"; sourceTree = "<group>"; };
		B717F199028D459684991655 /* GCDWebServerRequest.h */ = {isa = PBXFileReference; explicitFileType = undefined; fileEncoding = 4; includeInIndex = 0; lastKnownFileType = sourcecode.c.h; name = GCDWebServerRequest.h; path = "cordova-plugin-ionic-webview/GCDWebServerRequest.h"; sourceTree = "<group>"; };
		BAA150AC01A24B4A8E82ED00 /* GCDWebServerStreamedResponse.m */ = {isa = PBXFileReference; explicitFileType = undefined; fileEncoding = 4; includeInIndex = 0; lastKnownFileType = sourcecode.c.objc; name = GCDWebServerStreamedResponse.m; path = "cordova-plugin-ionic-webview/GCDWebServerStreamedResponse.m"; sourceTree = "<group>"; };
		C532B1D946E648389C0F59C9 /* GCDWebServerDataResponse.h */ = {isa = PBXFileReference; explicitFileType = undefined; fileEncoding = 4; includeInIndex = 0; lastKnownFileType = sourcecode.c.h; name = GCDWebServerDataResponse.h; path = "cordova-plugin-ionic-webview/GCDWebServerDataResponse.h"; sourceTree = "<group>"; };
		C5C5507F3C3B4D7D994E5FF7 /* WebKit.framework */ = {isa = PBXFileReference; explicitFileType = undefined; fileEncoding = 9; includeInIndex = 0; lastKnownFileType = wrapper.framework; name = WebKit.framework; path = System/Library/Frameworks/WebKit.framework; sourceTree = SDKROOT; };
		C89DC8F91E1646F8BB4DF19D /* CDVWKProcessPoolFactory.h */ = {isa = PBXFileReference; explicitFileType = undefined; fileEncoding = 4; includeInIndex = 0; lastKnownFileType = sourcecode.c.h; name = CDVWKProcessPoolFactory.h; path = "cordova-plugin-ionic-webview/CDVWKProcessPoolFactory.h"; sourceTree = "<group>"; };
		C8A6C627C0B74A92ABA30F4E /* SQLitePlugin.m */ = {isa = PBXFileReference; explicitFileType = undefined; fileEncoding = 4; includeInIndex = 0; lastKnownFileType = sourcecode.c.objc; name = SQLitePlugin.m; path = "cordova-sqlite-storage/SQLitePlugin.m"; sourceTree = "<group>"; };
		CB15BDA3357C4A518B2CBCB5 /* AppDelegate+FCMPlugin.h */ = {isa = PBXFileReference; explicitFileType = undefined; fileEncoding = 4; includeInIndex = 0; lastKnownFileType = sourcecode.c.h; name = "AppDelegate+FCMPlugin.h"; path = "cordova-plugin-fcm/AppDelegate+FCMPlugin.h"; sourceTree = "<group>"; };
		CB616FE6D4834AAD8D1B1ADD /* GoogleInterchangeUtilities.framework */ = {isa = PBXFileReference; explicitFileType = undefined; fileEncoding = 9; includeInIndex = 0; lastKnownFileType = wrapper.framework; name = GoogleInterchangeUtilities.framework; path = "Genpay/Plugins/cordova-plugin-fcm/GoogleInterchangeUtilities.framework"; sourceTree = "<group>"; };
		DEDD2CC11ADC4DB9896BE6EA /* FCMPlugin.m */ = {isa = PBXFileReference; explicitFileType = undefined; fileEncoding = 4; includeInIndex = 0; lastKnownFileType = sourcecode.c.objc; name = FCMPlugin.m; path = "cordova-plugin-fcm/FCMPlugin.m"; sourceTree = "<group>"; };
		E16AEB56B411492BAB5E13D2 /* sqlite3.h */ = {isa = PBXFileReference; explicitFileType = undefined; fileEncoding = 4; includeInIndex = 0; lastKnownFileType = sourcecode.c.h; name = sqlite3.h; path = "cordova-sqlite-storage/sqlite3.h"; sourceTree = "<group>"; };
		E38254B051984A5EB8CE17D1 /* CDVStatusBar.m */ = {isa = PBXFileReference; explicitFileType = undefined; fileEncoding = 4; includeInIndex = 0; lastKnownFileType = sourcecode.c.objc; name = CDVStatusBar.m; path = "cordova-plugin-statusbar/CDVStatusBar.m"; sourceTree = "<group>"; };
		E5F47FBCB207423D99622E68 /* GCDWebServerFileRequest.m */ = {isa = PBXFileReference; explicitFileType = undefined; fileEncoding = 4; includeInIndex = 0; lastKnownFileType = sourcecode.c.objc; name = GCDWebServerFileRequest.m; path = "cordova-plugin-ionic-webview/GCDWebServerFileRequest.m"; sourceTree = "<group>"; };
		EB384BB156484CF3B28744C2 /* CDVStatusBar.h */ = {isa = PBXFileReference; explicitFileType = undefined; fileEncoding = 4; includeInIndex = 0; lastKnownFileType = sourcecode.c.h; name = CDVStatusBar.h; path = "cordova-plugin-statusbar/CDVStatusBar.h"; sourceTree = "<group>"; };
		EB87FDF31871DA8E0020F90C /* www */ = {isa = PBXFileReference; lastKnownFileType = folder; name = www; path = ../../www; sourceTree = "<group>"; };
		EB87FDF41871DAF40020F90C /* config.xml */ = {isa = PBXFileReference; lastKnownFileType = text.xml; name = config.xml; path = ../../config.xml; sourceTree = "<group>"; };
		ED33DF2A687741AEAF9F8254 /* Bridging-Header.h */ = {isa = PBXFileReference; fileEncoding = 4; lastKnownFileType = sourcecode.c.h; path = "Bridging-Header.h"; sourceTree = "<group>"; };
		F15A475A70704707AF1CE785 /* GoogleIPhoneUtilities.framework */ = {isa = PBXFileReference; explicitFileType = undefined; fileEncoding = 9; includeInIndex = 0; lastKnownFileType = wrapper.framework; name = GoogleIPhoneUtilities.framework; path = "Genpay/Plugins/cordova-plugin-fcm/GoogleIPhoneUtilities.framework"; sourceTree = "<group>"; };
		F58289C759784AD3ACE15D8D /* CDVOrientation.h */ = {isa = PBXFileReference; explicitFileType = undefined; fileEncoding = 4; includeInIndex = 0; lastKnownFileType = sourcecode.c.h; name = CDVOrientation.h; path = "cordova-plugin-screen-orientation/CDVOrientation.h"; sourceTree = "<group>"; };
		F840E1F0165FE0F500CFE078 /* config.xml */ = {isa = PBXFileReference; lastKnownFileType = text.xml; name = config.xml; path = Genpay/config.xml; sourceTree = "<group>"; };
		FCDA99C351404D6CADD2DDBB /* GCDWebServerConnection.h */ = {isa = PBXFileReference; explicitFileType = undefined; fileEncoding = 4; includeInIndex = 0; lastKnownFileType = sourcecode.c.h; name = GCDWebServerConnection.h; path = "cordova-plugin-ionic-webview/GCDWebServerConnection.h"; sourceTree = "<group>"; };
		FD2FAC0E7ECD4B5388F67C2B /* GCDWebServerErrorResponse.h */ = {isa = PBXFileReference; explicitFileType = undefined; fileEncoding = 4; includeInIndex = 0; lastKnownFileType = sourcecode.c.h; name = GCDWebServerErrorResponse.h; path = "cordova-plugin-ionic-webview/GCDWebServerErrorResponse.h"; sourceTree = "<group>"; };
		FDF297B818204F439FF11532 /* GCDWebServerURLEncodedFormRequest.m */ = {isa = PBXFileReference; explicitFileType = undefined; fileEncoding = 4; includeInIndex = 0; lastKnownFileType = sourcecode.c.objc; name = GCDWebServerURLEncodedFormRequest.m; path = "cordova-plugin-ionic-webview/GCDWebServerURLEncodedFormRequest.m"; sourceTree = "<group>"; };
		FE5A7BD7F5944D3C927796F1 /* GCDWebServer.h */ = {isa = PBXFileReference; explicitFileType = undefined; fileEncoding = 4; includeInIndex = 0; lastKnownFileType = sourcecode.c.h; name = GCDWebServer.h; path = "cordova-plugin-ionic-webview/GCDWebServer.h"; sourceTree = "<group>"; };
		FED248DB20DC42A3BC34525E /* GCDWebServerURLEncodedFormRequest.h */ = {isa = PBXFileReference; explicitFileType = undefined; fileEncoding = 4; includeInIndex = 0; lastKnownFileType = sourcecode.c.h; name = GCDWebServerURLEncodedFormRequest.h; path = "cordova-plugin-ionic-webview/GCDWebServerURLEncodedFormRequest.h"; sourceTree = "<group>"; };
		FF45F5EA1DCA4DEB9012A29F /* FirebaseInstanceID.framework */ = {isa = PBXFileReference; explicitFileType = undefined; fileEncoding = 9; includeInIndex = 0; lastKnownFileType = wrapper.framework; name = FirebaseInstanceID.framework; path = "Genpay/Plugins/cordova-plugin-fcm/FirebaseInstanceID.framework"; sourceTree = "<group>"; };
/* End PBXFileReference section */

/* Begin PBXFrameworksBuildPhase section */
		1D60588F0D05DD3D006BFB54 /* Frameworks */ = {
			isa = PBXFrameworksBuildPhase;
			buildActionMask = 2147483647;
			files = (
				301BF552109A68D80062928A /* libCordova.a in Frameworks */,
				14BD0192DCBB4708AF66D0ED /* libz.tbd in Frameworks */,
				867061EFACD64C21AAEADC44 /* WebKit.framework in Frameworks */,
				F75ED0059F194492A40DE7A1 /* AudioToolbox.framework in Frameworks */,
				87E7D4CF193149C2A3FB20B7 /* FirebaseAnalytics.framework in Frameworks */,
				A091013731CD43948D24AF9C /* FirebaseCore.framework in Frameworks */,
				9116A08575704EFE8737C854 /* FirebaseInstanceID.framework in Frameworks */,
				B219A842B3A54258A3BF7374 /* FirebaseMessaging.framework in Frameworks */,
				A801B487D15443CD8B26C10C /* GoogleInterchangeUtilities.framework in Frameworks */,
				2323D1A7AB124557BD776038 /* GoogleIPhoneUtilities.framework in Frameworks */,
				AA5DFA5EA1B942ED8F5B614A /* GoogleSymbolUtilities.framework in Frameworks */,
				DE0412033ED849129BEB4A64 /* GoogleUtilities.framework in Frameworks */,
				F5FF1F0DC44D4D059734D6E5 /* libc++.tbd in Frameworks */,
				D1B0A581C352483691491F76 /* AddressBook.framework in Frameworks */,
				9C2ABD1F1B74413185941B4A /* libsqlite3.0.tbd in Frameworks */,
				94EC2CD3A2714714AE94414E /* Security.framework in Frameworks */,
			);
			runOnlyForDeploymentPostprocessing = 0;
		};
/* End PBXFrameworksBuildPhase section */

/* Begin PBXGroup section */
		080E96DDFE201D6D7F000001 /* Classes */ = {
			isa = PBXGroup;
			children = (
				302D95EE14D2391D003F00A1 /* MainViewController.h */,
				302D95EF14D2391D003F00A1 /* MainViewController.m */,
				302D95F014D2391D003F00A1 /* MainViewController.xib */,
				1D3623240D0F684500981E51 /* AppDelegate.h */,
				1D3623250D0F684500981E51 /* AppDelegate.m */,
			);
			name = Classes;
			path = Genpay/Classes;
			sourceTree = SOURCE_ROOT;
		};
		19C28FACFE9D520D11CA2CBB /* Products */ = {
			isa = PBXGroup;
			children = (
				1D6058910D05DD3D006BFB54 /* Genpay.app */,
			);
			name = Products;
			sourceTree = "<group>";
		};
		29B97314FDCFA39411CA2CEA /* CustomTemplate */ = {
			isa = PBXGroup;
			children = (
				B2B1941B20173EE900D5F81A /* Genpay.entitlements */,
				EB87FDF41871DAF40020F90C /* config.xml */,
				EB87FDF31871DA8E0020F90C /* www */,
				EB87FDF11871DA420020F90C /* Staging */,
				301BF52D109A57CC0062928A /* CordovaLib/CordovaLib.xcodeproj */,
				080E96DDFE201D6D7F000001 /* Classes */,
				307C750510C5A3420062BCA9 /* Plugins */,
				29B97315FDCFA39411CA2CEA /* Other Sources */,
				29B97317FDCFA39411CA2CEA /* Resources */,
				29B97323FDCFA39411CA2CEA /* Frameworks */,
				19C28FACFE9D520D11CA2CBB /* Products */,
			);
			name = CustomTemplate;
			sourceTree = "<group>";
		};
		29B97315FDCFA39411CA2CEA /* Other Sources */ = {
			isa = PBXGroup;
			children = (
				32CA4F630368D1EE00C91783 /* Genpay-Prefix.pch */,
				29B97316FDCFA39411CA2CEA /* main.m */,
				ED33DF2A687741AEAF9F8254 /* Bridging-Header.h */,
			);
			name = "Other Sources";
			path = Genpay;
			sourceTree = "<group>";
		};
		29B97317FDCFA39411CA2CEA /* Resources */ = {
			isa = PBXGroup;
			children = (
				0207DA571B56EA530066E2B4 /* Images.xcassets */,
				3047A50E1AB8057F00498E2A /* config */,
				8D1107310486CEB800E47090 /* Genpay-Info.plist */,
				6AFF5BF81D6E424B00AB3073 /* CDVLaunchScreen.storyboard */,
				4396BBCCE7AC4B2DB5D82C46 /* GoogleService-Info.plist */,
			);
			name = Resources;
			path = Genpay/Resources;
			sourceTree = "<group>";
		};
		29B97323FDCFA39411CA2CEA /* Frameworks */ = {
			isa = PBXGroup;
			children = (
				3C83AA126C8949C1A3AE4413 /* libz.tbd */,
				C5C5507F3C3B4D7D994E5FF7 /* WebKit.framework */,
				8F580629F4E647D6B6CF6AB1 /* AudioToolbox.framework */,
				6F9CE126D6844E4295266422 /* FirebaseAnalytics.framework */,
				92E3EF3BE5444E07B4B1DD75 /* FirebaseCore.framework */,
				FF45F5EA1DCA4DEB9012A29F /* FirebaseInstanceID.framework */,
				80D3DB57273B4B7CB128EC5A /* FirebaseMessaging.framework */,
				CB616FE6D4834AAD8D1B1ADD /* GoogleInterchangeUtilities.framework */,
				F15A475A70704707AF1CE785 /* GoogleIPhoneUtilities.framework */,
				6A1C07FA9499406B8AA9CAE4 /* GoogleSymbolUtilities.framework */,
				3A98ECE39C9E4F6BA83EE065 /* GoogleUtilities.framework */,
				49A2910DEC6D411E8D959DAD /* libc++.tbd */,
				9506C7F29C474FCAA086EA3B /* AddressBook.framework */,
				90776307C8CA44C3A616975C /* libsqlite3.0.tbd */,
				6048B1E31BE64AC6B5408AC5 /* Security.framework */,
			);
			name = Frameworks;
			sourceTree = "<group>";
		};
		301BF52E109A57CC0062928A /* Products */ = {
			isa = PBXGroup;
			children = (
				301BF535109A57CC0062928A /* libCordova.a */,
				B2B1941A20173EE600D5F81A /* Cordova.framework */,
			);
			name = Products;
			sourceTree = "<group>";
		};
		3047A50E1AB8057F00498E2A /* config */ = {
			isa = PBXGroup;
			children = (
				3047A50F1AB8059700498E2A /* build-debug.xcconfig */,
				3047A5101AB8059700498E2A /* build-release.xcconfig */,
				3047A5111AB8059700498E2A /* build.xcconfig */,
			);
			name = config;
			sourceTree = "<group>";
		};
		307C750510C5A3420062BCA9 /* Plugins */ = {
			isa = PBXGroup;
			children = (
				31C1D7FC5E45448EB4ED9F8D /* CDVDevice.m */,
				165C07C1BD7444DC877A49D6 /* CDVDevice.h */,
				5FA086DD10314C9F8D434356 /* CDVWKWebViewEngine.m */,
				3111C53558A14EDF896C39FD /* CDVWKWebViewUIDelegate.m */,
				852CAECC1BAD4CF6B0724114 /* CDVWKProcessPoolFactory.m */,
				AED395F942614A44A626868C /* GCDWebServer.m */,
				2CEA80AD69994642865A83E5 /* GCDWebServerConnection.m */,
				211EAFCD59774CED86F2D658 /* GCDWebServerFunctions.m */,
				839E1DE715764BF98F5DDF09 /* GCDWebServerRequest.m */,
				371C877CA44643899A160273 /* GCDWebServerResponse.m */,
				0478CA2886DF4D7683535B5C /* GCDWebServerDataRequest.m */,
				E5F47FBCB207423D99622E68 /* GCDWebServerFileRequest.m */,
				B3DDC41D555D410F84B46DF3 /* GCDWebServerMultiPartFormRequest.m */,
				FDF297B818204F439FF11532 /* GCDWebServerURLEncodedFormRequest.m */,
				A98FE158D9CE4A64A26750B7 /* GCDWebServerDataResponse.m */,
				59A7B687F1A6401B9B27C160 /* GCDWebServerErrorResponse.m */,
				498D877B0E7B47B3BC265696 /* GCDWebServerFileResponse.m */,
				BAA150AC01A24B4A8E82ED00 /* GCDWebServerStreamedResponse.m */,
				48E2EB309CE547D3B29DF40B /* CDVWKWebViewEngine.h */,
				159277DBBEDB44048D7F5FD8 /* CDVWKWebViewUIDelegate.h */,
				C89DC8F91E1646F8BB4DF19D /* CDVWKProcessPoolFactory.h */,
				FE5A7BD7F5944D3C927796F1 /* GCDWebServer.h */,
				FCDA99C351404D6CADD2DDBB /* GCDWebServerConnection.h */,
				2225E934A8184A47B06A5DF3 /* GCDWebServerFunctions.h */,
				0B04B9780A97410D8B640919 /* GCDWebServerHTTPStatusCodes.h */,
				5AD832333E254F7EADE1E1FA /* GCDWebServerPrivate.h */,
				B717F199028D459684991655 /* GCDWebServerRequest.h */,
				9C5B569DE85A49EF9E2AA756 /* GCDWebServerResponse.h */,
				4AD3836E2BE54B88B2444BB9 /* GCDWebServerDataRequest.h */,
				665D96A5E2494ED9B3D7A9EC /* GCDWebServerFileRequest.h */,
				0B9A6673FCDA4582800990FE /* GCDWebServerMultiPartFormRequest.h */,
				FED248DB20DC42A3BC34525E /* GCDWebServerURLEncodedFormRequest.h */,
				C532B1D946E648389C0F59C9 /* GCDWebServerDataResponse.h */,
				FD2FAC0E7ECD4B5388F67C2B /* GCDWebServerErrorResponse.h */,
				476F90E305674FA0BDD8C633 /* GCDWebServerFileResponse.h */,
				41EBD69F3CB248D582377278 /* GCDWebServerStreamedResponse.h */,
				01978EC982A24A86BF631B59 /* CDVOrientation.m */,
				F58289C759784AD3ACE15D8D /* CDVOrientation.h */,
				6D01F3C67C184AA1B5951EBE /* CDVSplashScreen.m */,
				3ED94DBC2A944693A8DEC6AB /* CDVViewController+SplashScreen.m */,
				03888EE42CE5459C962333CE /* CDVSplashScreen.h */,
				7501D8BDAAEA4C1F9E91D28E /* CDVViewController+SplashScreen.h */,
				E38254B051984A5EB8CE17D1 /* CDVStatusBar.m */,
				EB384BB156484CF3B28744C2 /* CDVStatusBar.h */,
				B2E537374B454C0AAEF877C0 /* CDVVibration.m */,
				148861D2768A44F38C805F63 /* CDVVibration.h */,
				C8A6C627C0B74A92ABA30F4E /* SQLitePlugin.m */,
				826D43018F094A85817494A9 /* PSPDFThreadSafeMutableDictionary.m */,
				52EF57716FBA4348A2902CE6 /* sqlite3.c */,
				0525EF1716FC4E67B177AA66 /* SQLitePlugin.h */,
				59413882C5084749BB7161FB /* PSPDFThreadSafeMutableDictionary.h */,
				E16AEB56B411492BAB5E13D2 /* sqlite3.h */,
				1A537C12F50440DE9B20446D /* IonicKeyboard.m */,
				491123377ECA4A7899DC0860 /* IonicKeyboard.h */,
				DEDD2CC11ADC4DB9896BE6EA /* FCMPlugin.m */,
				6FBCD7437A0549FD91DA69DD /* AppDelegate+FCMPlugin.m */,
				4BE44E9E3810422C91D8440D /* FCMPlugin.h */,
				CB15BDA3357C4A518B2CBCB5 /* AppDelegate+FCMPlugin.h */,
				2681A07F3180458CB5B9A166 /* Firebase.h */,
			);
			name = Plugins;
			path = Genpay/Plugins;
			sourceTree = SOURCE_ROOT;
		};
		EB87FDF11871DA420020F90C /* Staging */ = {
			isa = PBXGroup;
			children = (
				F840E1F0165FE0F500CFE078 /* config.xml */,
				301BF56E109A69640062928A /* www */,
			);
			name = Staging;
			sourceTree = "<group>";
		};
/* End PBXGroup section */

/* Begin PBXNativeTarget section */
		1D6058900D05DD3D006BFB54 /* Genpay */ = {
			isa = PBXNativeTarget;
			buildConfigurationList = 1D6058960D05DD3E006BFB54 /* Build configuration list for PBXNativeTarget "Genpay" */;
			buildPhases = (
				304B58A110DAC018002A0835 /* Copy www directory */,
				1D60588D0D05DD3D006BFB54 /* Resources */,
				1D60588E0D05DD3D006BFB54 /* Sources */,
				1D60588F0D05DD3D006BFB54 /* Frameworks */,
			);
			buildRules = (
			);
			dependencies = (
				301BF551109A68C00062928A /* PBXTargetDependency */,
			);
			name = Genpay;
			productName = Genpay;
			productReference = 1D6058910D05DD3D006BFB54 /* Genpay.app */;
			productType = "com.apple.product-type.application";
		};
/* End PBXNativeTarget section */

/* Begin PBXProject section */
		29B97313FDCFA39411CA2CEA /* Project object */ = {
			isa = PBXProject;
			attributes = {
				LastUpgradeCheck = 510;
				TargetAttributes = {
					1D6058900D05DD3D006BFB54 = {
						DevelopmentTeam = XU3G88U4SD;
						SystemCapabilities = {
							com.apple.BackgroundModes = {
								enabled = 1;
							};
							com.apple.Push = {
								enabled = 1;
							};
						};
					};
				};
			};
			buildConfigurationList = C01FCF4E08A954540054247B /* Build configuration list for PBXProject "Genpay" */;
			compatibilityVersion = "Xcode 3.2";
			developmentRegion = English;
			hasScannedForEncodings = 1;
			knownRegions = (
				en,
			);
			mainGroup = 29B97314FDCFA39411CA2CEA /* CustomTemplate */;
			projectDirPath = "";
			projectReferences = (
				{
					ProductGroup = 301BF52E109A57CC0062928A /* Products */;
					ProjectRef = 301BF52D109A57CC0062928A /* CordovaLib/CordovaLib.xcodeproj */;
				},
			);
			projectRoot = "";
			targets = (
				1D6058900D05DD3D006BFB54 /* Genpay */,
			);
		};
/* End PBXProject section */

/* Begin PBXReferenceProxy section */
		301BF535109A57CC0062928A /* libCordova.a */ = {
			isa = PBXReferenceProxy;
			fileType = archive.ar;
			path = libCordova.a;
			remoteRef = 301BF534109A57CC0062928A /* PBXContainerItemProxy */;
			sourceTree = BUILT_PRODUCTS_DIR;
		};
		B2B1941A20173EE600D5F81A /* Cordova.framework */ = {
			isa = PBXReferenceProxy;
			fileType = wrapper.framework;
			path = Cordova.framework;
			remoteRef = B2B1941920173EE600D5F81A /* PBXContainerItemProxy */;
			sourceTree = BUILT_PRODUCTS_DIR;
		};
/* End PBXReferenceProxy section */

/* Begin PBXResourcesBuildPhase section */
		1D60588D0D05DD3D006BFB54 /* Resources */ = {
			isa = PBXResourcesBuildPhase;
			buildActionMask = 2147483647;
			files = (
				302D95F214D2391D003F00A1 /* MainViewController.xib in Resources */,
				0207DA581B56EA530066E2B4 /* Images.xcassets in Resources */,
				6AFF5BF91D6E424B00AB3073 /* CDVLaunchScreen.storyboard in Resources */,
				420E6E86759344E4B1CF459D /* GoogleService-Info.plist in Resources */,
			);
			runOnlyForDeploymentPostprocessing = 0;
		};
/* End PBXResourcesBuildPhase section */

/* Begin PBXShellScriptBuildPhase section */
		304B58A110DAC018002A0835 /* Copy www directory */ = {
			isa = PBXShellScriptBuildPhase;
			buildActionMask = 2147483647;
			files = (
			);
			inputPaths = (
			);
			name = "Copy www directory";
			outputPaths = (
			);
			runOnlyForDeploymentPostprocessing = 0;
			shellPath = /bin/sh;
			shellScript = "NODEJS_PATH=/usr/local/bin; NVM_NODE_PATH=~/.nvm/versions/node/`nvm version 2>/dev/null`/bin; N_NODE_PATH=`find /usr/local/n/versions/node/* -maxdepth 0 -type d 2>/dev/null | tail -1`/bin; XCODE_NODE_PATH=`xcode-select --print-path`/usr/share/xcs/Node/bin; PATH=$NODEJS_PATH:$NVM_NODE_PATH:$N_NODE_PATH:$XCODE_NODE_PATH:$PATH && node cordova/lib/copy-www-build-step.js";
			showEnvVarsInLog = 0;
		};
/* End PBXShellScriptBuildPhase section */

/* Begin PBXSourcesBuildPhase section */
		1D60588E0D05DD3D006BFB54 /* Sources */ = {
			isa = PBXSourcesBuildPhase;
			buildActionMask = 2147483647;
			files = (
				1D60589B0D05DD56006BFB54 /* main.m in Sources */,
				1D3623260D0F684500981E51 /* AppDelegate.m in Sources */,
				302D95F114D2391D003F00A1 /* MainViewController.m in Sources */,
				D664E6F8E6834C8C93877289 /* CDVDevice.m in Sources */,
				BDC6C074D4EA494EA2258765 /* CDVWKWebViewEngine.m in Sources */,
				3D35279E750F4BF686DBF119 /* CDVWKWebViewUIDelegate.m in Sources */,
				CCB56013609F40E59314BF11 /* CDVWKProcessPoolFactory.m in Sources */,
				3B0A03C5D5D74603BD91D64E /* GCDWebServer.m in Sources */,
				7536E9B0537149E2A1987169 /* GCDWebServerConnection.m in Sources */,
				3F84B36DA00C47B1A22EF0CC /* GCDWebServerFunctions.m in Sources */,
				FE7BC2B2E94E4388AD519C1F /* GCDWebServerRequest.m in Sources */,
				05F0B332517C4EF28091D215 /* GCDWebServerResponse.m in Sources */,
				CF80C6ABB1DE4F0FBF550B77 /* GCDWebServerDataRequest.m in Sources */,
				4C8B585D3F654EB0BEA56488 /* GCDWebServerFileRequest.m in Sources */,
				3072887C3AD84D9C912BB6D7 /* GCDWebServerMultiPartFormRequest.m in Sources */,
				7A47F7767D5C44FAB1624B4A /* GCDWebServerURLEncodedFormRequest.m in Sources */,
				212C6F0691A6490DBFB6D206 /* GCDWebServerDataResponse.m in Sources */,
				3F455B01D4A544848D4AE8C6 /* GCDWebServerErrorResponse.m in Sources */,
				C7DBDE63F8E64B969003D144 /* GCDWebServerFileResponse.m in Sources */,
				A332CDF7753B4F62A7B9D77F /* GCDWebServerStreamedResponse.m in Sources */,
				FE5237F8F4B0477D81EF9529 /* CDVOrientation.m in Sources */,
				A9415AF6E4A340C0B4BE1117 /* CDVSplashScreen.m in Sources */,
				9B8B8690D04E4500AB24E094 /* CDVViewController+SplashScreen.m in Sources */,
				45469546EA18444E8E92CBD9 /* CDVStatusBar.m in Sources */,
				A7EA09BB64AD47C2BDEE5B3A /* CDVVibration.m in Sources */,
				4D50A463D28F479AA17ACE90 /* SQLitePlugin.m in Sources */,
				4FCFE613134B4212B652D479 /* PSPDFThreadSafeMutableDictionary.m in Sources */,
				048B243F61A646758BB239F4 /* sqlite3.c in Sources */,
				2F719BDC4BB9464FA3380E70 /* IonicKeyboard.m in Sources */,
				333C2AC8FAF84577998ED65F /* FCMPlugin.m in Sources */,
				F48DCE469D3E4719A17A4304 /* AppDelegate+FCMPlugin.m in Sources */,
			);
			runOnlyForDeploymentPostprocessing = 0;
		};
/* End PBXSourcesBuildPhase section */

/* Begin PBXTargetDependency section */
		301BF551109A68C00062928A /* PBXTargetDependency */ = {
			isa = PBXTargetDependency;
			name = CordovaLib;
			targetProxy = 301BF550109A68C00062928A /* PBXContainerItemProxy */;
		};
/* End PBXTargetDependency section */

/* Begin XCBuildConfiguration section */
		1D6058940D05DD3E006BFB54 /* Debug */ = {
			isa = XCBuildConfiguration;
			baseConfigurationReference = 3047A50F1AB8059700498E2A /* build-debug.xcconfig */;
			buildSettings = {
				ALWAYS_SEARCH_USER_PATHS = NO;
				ASSETCATALOG_COMPILER_APPICON_NAME = AppIcon;
				ASSETCATALOG_COMPILER_LAUNCHIMAGE_NAME = LaunchImage;
				CLANG_ENABLE_MODULES = YES;
				CLANG_ENABLE_OBJC_ARC = YES;
				CODE_SIGN_ENTITLEMENTS = Genpay/Genpay.entitlements;
				COPY_PHASE_STRIP = NO;
				DEVELOPMENT_TEAM = XU3G88U4SD;
				FRAMEWORK_SEARCH_PATHS = (
					"$(inherited)",
					"\"Genpay/Plugins/cordova-plugin-fcm\"",
					"\"Genpay/Plugins/cordova-plugin-fcm\"",
					"\"Genpay/Plugins/cordova-plugin-fcm\"",
					"\"Genpay/Plugins/cordova-plugin-fcm\"",
					"\"Genpay/Plugins/cordova-plugin-fcm\"",
					"\"Genpay/Plugins/cordova-plugin-fcm\"",
					"\"Genpay/Plugins/cordova-plugin-fcm\"",
					"\"Genpay/Plugins/cordova-plugin-fcm\"",
				);
				GCC_DYNAMIC_NO_PIC = NO;
				GCC_OPTIMIZATION_LEVEL = 0;
				GCC_PRECOMPILE_PREFIX_HEADER = YES;
				GCC_PREFIX_HEADER = "Genpay/Genpay-Prefix.pch";
				GCC_THUMB_SUPPORT = NO;
				GCC_VERSION = "";
				INFOPLIST_FILE = "Genpay/Genpay-Info.plist";
				IPHONEOS_DEPLOYMENT_TARGET = 7.0;
				LD_RUNPATH_SEARCH_PATHS = "@executable_path/Frameworks";
				PRODUCT_BUNDLE_IDENTIFIER = com.itc.genpayapp;
				PRODUCT_NAME = Genpay;
				TARGETED_DEVICE_FAMILY = "1,2";
			};
			name = Debug;
		};
		1D6058950D05DD3E006BFB54 /* Release */ = {
			isa = XCBuildConfiguration;
			baseConfigurationReference = 3047A5101AB8059700498E2A /* build-release.xcconfig */;
			buildSettings = {
				ALWAYS_SEARCH_USER_PATHS = NO;
				ASSETCATALOG_COMPILER_APPICON_NAME = AppIcon;
				ASSETCATALOG_COMPILER_LAUNCHIMAGE_NAME = LaunchImage;
				CLANG_ENABLE_MODULES = YES;
				CLANG_ENABLE_OBJC_ARC = YES;
				CODE_SIGN_ENTITLEMENTS = Genpay/Genpay.entitlements;
				COPY_PHASE_STRIP = YES;
				DEVELOPMENT_TEAM = XU3G88U4SD;
				FRAMEWORK_SEARCH_PATHS = (
					"$(inherited)",
					"\"Genpay/Plugins/cordova-plugin-fcm\"",
					"\"Genpay/Plugins/cordova-plugin-fcm\"",
					"\"Genpay/Plugins/cordova-plugin-fcm\"",
					"\"Genpay/Plugins/cordova-plugin-fcm\"",
					"\"Genpay/Plugins/cordova-plugin-fcm\"",
					"\"Genpay/Plugins/cordova-plugin-fcm\"",
					"\"Genpay/Plugins/cordova-plugin-fcm\"",
					"\"Genpay/Plugins/cordova-plugin-fcm\"",
				);
				GCC_PRECOMPILE_PREFIX_HEADER = YES;
				GCC_PREFIX_HEADER = "Genpay/Genpay-Prefix.pch";
				GCC_THUMB_SUPPORT = NO;
				GCC_VERSION = "";
				INFOPLIST_FILE = "Genpay/Genpay-Info.plist";
				IPHONEOS_DEPLOYMENT_TARGET = 7.0;
				LD_RUNPATH_SEARCH_PATHS = "@executable_path/Frameworks";
				PRODUCT_BUNDLE_IDENTIFIER = com.itc.genpayapp;
				PRODUCT_NAME = Genpay;
				TARGETED_DEVICE_FAMILY = "1,2";
			};
			name = Release;
		};
		C01FCF4F08A954540054247B /* Debug */ = {
			isa = XCBuildConfiguration;
			baseConfigurationReference = 3047A5111AB8059700498E2A /* build.xcconfig */;
			buildSettings = {
				CLANG_ENABLE_MODULES = YES;
				CLANG_ENABLE_OBJC_ARC = YES;
				CLANG_WARN_BOOL_CONVERSION = YES;
				CLANG_WARN_CONSTANT_CONVERSION = YES;
				CLANG_WARN_EMPTY_BODY = YES;
				CLANG_WARN_ENUM_CONVERSION = YES;
				CLANG_WARN_INT_CONVERSION = YES;
				CLANG_WARN__DUPLICATE_METHOD_MATCH = YES;
				GCC_C_LANGUAGE_STANDARD = c99;
				GCC_THUMB_SUPPORT = NO;
				GCC_VERSION = "";
				GCC_WARN_ABOUT_RETURN_TYPE = YES;
				GCC_WARN_UNDECLARED_SELECTOR = YES;
				GCC_WARN_UNINITIALIZED_AUTOS = YES;
				GCC_WARN_UNUSED_FUNCTION = YES;
				GCC_WARN_UNUSED_VARIABLE = YES;
				IPHONEOS_DEPLOYMENT_TARGET = 7.0;
				ONLY_ACTIVE_ARCH = YES;
				SDKROOT = iphoneos;
				SKIP_INSTALL = NO;
			};
			name = Debug;
		};
		C01FCF5008A954540054247B /* Release */ = {
			isa = XCBuildConfiguration;
			baseConfigurationReference = 3047A5111AB8059700498E2A /* build.xcconfig */;
			buildSettings = {
				CLANG_ENABLE_MODULES = YES;
				CLANG_ENABLE_OBJC_ARC = YES;
				CLANG_WARN_BOOL_CONVERSION = YES;
				CLANG_WARN_CONSTANT_CONVERSION = YES;
				CLANG_WARN_EMPTY_BODY = YES;
				CLANG_WARN_ENUM_CONVERSION = YES;
				CLANG_WARN_INT_CONVERSION = YES;
				CLANG_WARN__DUPLICATE_METHOD_MATCH = YES;
				GCC_C_LANGUAGE_STANDARD = c99;
				GCC_THUMB_SUPPORT = NO;
				GCC_VERSION = "";
				GCC_WARN_ABOUT_RETURN_TYPE = YES;
				GCC_WARN_UNDECLARED_SELECTOR = YES;
				GCC_WARN_UNINITIALIZED_AUTOS = YES;
				GCC_WARN_UNUSED_FUNCTION = YES;
				GCC_WARN_UNUSED_VARIABLE = YES;
				IPHONEOS_DEPLOYMENT_TARGET = 7.0;
				SDKROOT = iphoneos;
				SKIP_INSTALL = NO;
			};
			name = Release;
		};
/* End XCBuildConfiguration section */

/* Begin XCConfigurationList section */
		1D6058960D05DD3E006BFB54 /* Build configuration list for PBXNativeTarget "Genpay" */ = {
			isa = XCConfigurationList;
			buildConfigurations = (
				1D6058940D05DD3E006BFB54 /* Debug */,
				1D6058950D05DD3E006BFB54 /* Release */,
			);
			defaultConfigurationIsVisible = 0;
			defaultConfigurationName = Release;
		};
		C01FCF4E08A954540054247B /* Build configuration list for PBXProject "Genpay" */ = {
			isa = XCConfigurationList;
			buildConfigurations = (
				C01FCF4F08A954540054247B /* Debug */,
				C01FCF5008A954540054247B /* Release */,
			);
			defaultConfigurationIsVisible = 0;
			defaultConfigurationName = Release;
		};
/* End XCConfigurationList section */
	};
	rootObject = 29B97313FDCFA39411CA2CEA /* Project object */;
}
